
Microsoft Visual Studio Solution File, Format Version 12.00
# Visual Studio Version 16
VisualStudioVersion = 16.0.31105.61
MinimumVisualStudioVersion = 10.0.40219.1
Project("{FAE04EC0-301F-11D3-BF4B-00C04F79EFBC}") = "MHENAV", "MHENAV.csproj", "{F658C11E-457E-4BC3-B86C-A7CBDBAD7214}"
EndProject
Global
	GlobalSection(SolutionConfigurationPlatforms) = preSolution
		Debug|Any CPU = Debug|Any CPU
		Release|Any CPU = Release|Any CPU
	EndGlobalSection
	GlobalSection(ProjectConfigurationPlatforms) = postSolution
		{F658C11E-457E-4BC3-B86C-A7CBDBAD7214}.Debug|Any CPU.ActiveCfg = Debug|Any CPU
		{F658C11E-457E-4BC3-B86C-A7CBDBAD7214}.Debug|Any CPU.Build.0 = Debug|Any CPU
		{F658C11E-457E-4BC3-B86C-A7CBDBAD7214}.Release|Any CPU.ActiveCfg = Release|Any CPU
		{F658C11E-457E-4BC3-B86C-A7CBDBAD7214}.Release|Any CPU.Build.0 = Release|Any CPU
	EndGlobalSection
	GlobalSection(SolutionProperties) = preSolution
		HideSolutionNode = FALSE
	EndGlobalSection
	GlobalSection(ExtensibilityGlobals) = postSolution
		SolutionGuid = {00EE09CC-310A-4698-9627-B6642AB6B7C4}
	EndGlobalSection
EndGlobal
